
Microsoft Visual Studio Solution File, Format Version 12.00
# Visual Studio Version 16
VisualStudioVersion = 16.0.28714.193
MinimumVisualStudioVersion = 10.0.40219.1
Project("{9092AA53-FB77-4645-B42D-1CCCA6BD08BD}") = "airinloveforchildren", "airinloveforchildren.njsproj", "{735FEB68-28C0-40FC-8249-C506825C0E6F}"
EndProject
Global
	GlobalSection(SolutionConfigurationPlatforms) = preSolution
		Debug|Any CPU = Debug|Any CPU
		Release|Any CPU = Release|Any CPU
	EndGlobalSection
	GlobalSection(ProjectConfigurationPlatforms) = postSolution
		{735FEB68-28C0-40FC-8249-C506825C0E6F}.Debug|Any CPU.ActiveCfg = Debug|Any CPU
		{735FEB68-28C0-40FC-8249-C506825C0E6F}.Debug|Any CPU.Build.0 = Debug|Any CPU
		{735FEB68-28C0-40FC-8249-C506825C0E6F}.Release|Any CPU.ActiveCfg = Release|Any CPU
		{735FEB68-28C0-40FC-8249-C506825C0E6F}.Release|Any CPU.Build.0 = Release|Any CPU
	EndGlobalSection
	GlobalSection(SolutionProperties) = preSolution
		HideSolutionNode = FALSE
	EndGlobalSection
	GlobalSection(ExtensibilityGlobals) = postSolution
		SolutionGuid = {3D752F34-69F7-4A10-BDAD-949160EFE155}
	EndGlobalSection
EndGlobal
